
Microsoft Visual Studio Solution File, Format Version 12.00
# Visual Studio 2012
Project("{FAE04EC0-301F-11D3-BF4B-00C04F79EFBC}") = "tinybld", "tinybld\tinybld.csproj", "{0AA8186E-DB49-4F62-A01F-EFB6FF40AD13}"
EndProject
Project("{FAE04EC0-301F-11D3-BF4B-00C04F79EFBC}") = "tinybld.tests", "tinybld.test\tinybld.tests.csproj", "{6FC713E5-F1E1-431E-8C12-BFCDE4244451}"
EndProject
Project("{FAE04EC0-301F-11D3-BF4B-00C04F79EFBC}") = "fooexe", "TestResults\foo\fooexe\fooexe.csproj", "{1C8E6B1E-5E4B-4994-8D71-30BA1526DD44}"
EndProject
Global
	GlobalSection(SolutionConfigurationPlatforms) = preSolution
		Debug|Any CPU = Debug|Any CPU
		Release|Any CPU = Release|Any CPU
	EndGlobalSection
	GlobalSection(ProjectConfigurationPlatforms) = postSolution
		{0AA8186E-DB49-4F62-A01F-EFB6FF40AD13}.Debug|Any CPU.ActiveCfg = Debug|Any CPU
		{0AA8186E-DB49-4F62-A01F-EFB6FF40AD13}.Debug|Any CPU.Build.0 = Debug|Any CPU
		{0AA8186E-DB49-4F62-A01F-EFB6FF40AD13}.Release|Any CPU.ActiveCfg = Release|Any CPU
		{0AA8186E-DB49-4F62-A01F-EFB6FF40AD13}.Release|Any CPU.Build.0 = Release|Any CPU
		{6FC713E5-F1E1-431E-8C12-BFCDE4244451}.Debug|Any CPU.ActiveCfg = Debug|Any CPU
		{6FC713E5-F1E1-431E-8C12-BFCDE4244451}.Debug|Any CPU.Build.0 = Debug|Any CPU
		{6FC713E5-F1E1-431E-8C12-BFCDE4244451}.Release|Any CPU.ActiveCfg = Release|Any CPU
		{6FC713E5-F1E1-431E-8C12-BFCDE4244451}.Release|Any CPU.Build.0 = Release|Any CPU
		{1C8E6B1E-5E4B-4994-8D71-30BA1526DD44}.Debug|Any CPU.ActiveCfg = Debug|Any CPU
		{1C8E6B1E-5E4B-4994-8D71-30BA1526DD44}.Debug|Any CPU.Build.0 = Debug|Any CPU
		{1C8E6B1E-5E4B-4994-8D71-30BA1526DD44}.Release|Any CPU.ActiveCfg = Release|Any CPU
		{1C8E6B1E-5E4B-4994-8D71-30BA1526DD44}.Release|Any CPU.Build.0 = Release|Any CPU
	EndGlobalSection
	GlobalSection(SolutionProperties) = preSolution
		HideSolutionNode = FALSE
	EndGlobalSection
EndGlobal
